
Microsoft Visual Studio Solution File, Format Version 12.00
Project("{F2A71F9B-5D33-465A-A702-920D77279786}") = "Day01.ReportRepair", "Day01.ReportRepair\Day01.ReportRepair.fsproj", "{5DC92F83-3F9E-4916-8672-60D5F058A601}"
EndProject
Project("{F2A71F9B-5D33-465A-A702-920D77279786}") = "Day02.PasswordPhilosophy", "Day02.PasswordPhilosophy\Day02.PasswordPhilosophy.fsproj", "{D0726524-9434-4FC7-911B-97DEE924C277}"
EndProject
Project("{F2A71F9B-5D33-465A-A702-920D77279786}") = "Day03.TobogganTrajectory", "Day03.TobogganTrajectory\Day03.TobogganTrajectory.fsproj", "{9CD8F4E7-EC7B-43F6-B08C-32C759434517}"
EndProject
Project("{F2A71F9B-5D33-465A-A702-920D77279786}") = "Day04.PassportProcessing", "Day04.PassportProcessing\Day04.PassportProcessing.fsproj", "{0C0580F5-0F37-427D-99AE-89384EE17E71}"
EndProject
Project("{F2A71F9B-5D33-465A-A702-920D77279786}") = "Day05.BinaryBoarding", "Day05.BinaryBoarding\Day05.BinaryBoarding.fsproj", "{65B1F0FF-78E5-4195-AE99-EC60C12325F3}"
EndProject
Project("{F2A71F9B-5D33-465A-A702-920D77279786}") = "Day06.CustomCustoms", "Day06.CustomCustoms\Day06.CustomCustoms.fsproj", "{29218A81-3632-49B2-BCEA-6AAE33E92BA2}"
EndProject
Project("{F2A71F9B-5D33-465A-A702-920D77279786}") = "Day07.HandyHaversacks", "Day07.HandyHaversacks\Day07.HandyHaversacks.fsproj", "{9AC0B6B4-577E-42A2-8739-430E18849202}"
EndProject
Project("{F2A71F9B-5D33-465A-A702-920D77279786}") = "Day08.HandheldHalting", "Day08.HandheldHalting\Day08.HandheldHalting.fsproj", "{74E749A8-6EDE-4D75-98D8-B34F021D6963}"
EndProject
Project("{F2A71F9B-5D33-465A-A702-920D77279786}") = "Day09.EncodingError", "Day09.EncodingError\Day09.EncodingError.fsproj", "{03522288-A326-435E-B2F2-EA5027602D96}"
EndProject
Project("{F2A71F9B-5D33-465A-A702-920D77279786}") = "Day10.AdapterArray", "Day10.AdapterArray\Day10.AdapterArray.fsproj", "{FA800918-FD7B-4B46-AF27-3A3EF8975EEF}"
EndProject
Project("{F2A71F9B-5D33-465A-A702-920D77279786}") = "Day11.SeatingSystem", "Day11.SeatingSystem\Day11.SeatingSystem.fsproj", "{E7CB15F9-D7B8-4383-A8C3-86589A8EF0DF}"
EndProject
Project("{F2A71F9B-5D33-465A-A702-920D77279786}") = "Day12.RainRisk", "Day12.RainRisk\Day12.RainRisk.fsproj", "{CE63F71F-DE01-4434-BA5B-0E51C6733C66}"
EndProject
Project("{F2A71F9B-5D33-465A-A702-920D77279786}") = "Day13.ShuttleSearch", "Day13.ShuttleSearch\Day13.ShuttleSearch.fsproj", "{41BD1BA1-4BC1-4F0E-B429-C84B2D6059D1}"
EndProject
Project("{F2A71F9B-5D33-465A-A702-920D77279786}") = "Day14.DockingData", "Day14.DockingData\Day14.DockingData.fsproj", "{04D9076C-EA69-47F0-9F69-D274BD4225B1}"
EndProject
Project("{F2A71F9B-5D33-465A-A702-920D77279786}") = "Day15.RambunctiousRecitation", "Day15.RambunctiousRecitation\Day15.RambunctiousRecitation.fsproj", "{9E6F174B-FF3B-4BE2-A4C6-97184FDC6EFD}"
EndProject
Project("{F2A71F9B-5D33-465A-A702-920D77279786}") = "Day16.TicketTranslation", "Day16.TicketTranslation\Day16.TicketTranslation.fsproj", "{33EF0F8E-FFEB-4B74-A98F-8D1D98C3CE6F}"
EndProject
Project("{F2A71F9B-5D33-465A-A702-920D77279786}") = "Day17.ConwayCubes", "Day17.ConwayCubes\Day17.ConwayCubes.fsproj", "{7510B939-BC1A-4A4E-8571-2C8732919617}"
EndProject
Global
	GlobalSection(SolutionConfigurationPlatforms) = preSolution
		Debug|Any CPU = Debug|Any CPU
		Release|Any CPU = Release|Any CPU
	EndGlobalSection
	GlobalSection(ProjectConfigurationPlatforms) = postSolution
		{5DC92F83-3F9E-4916-8672-60D5F058A601}.Debug|Any CPU.ActiveCfg = Debug|Any CPU
		{5DC92F83-3F9E-4916-8672-60D5F058A601}.Debug|Any CPU.Build.0 = Debug|Any CPU
		{5DC92F83-3F9E-4916-8672-60D5F058A601}.Release|Any CPU.ActiveCfg = Release|Any CPU
		{5DC92F83-3F9E-4916-8672-60D5F058A601}.Release|Any CPU.Build.0 = Release|Any CPU
		{D0726524-9434-4FC7-911B-97DEE924C277}.Debug|Any CPU.ActiveCfg = Debug|Any CPU
		{D0726524-9434-4FC7-911B-97DEE924C277}.Debug|Any CPU.Build.0 = Debug|Any CPU
		{D0726524-9434-4FC7-911B-97DEE924C277}.Release|Any CPU.ActiveCfg = Release|Any CPU
		{D0726524-9434-4FC7-911B-97DEE924C277}.Release|Any CPU.Build.0 = Release|Any CPU
		{9CD8F4E7-EC7B-43F6-B08C-32C759434517}.Debug|Any CPU.ActiveCfg = Debug|Any CPU
		{9CD8F4E7-EC7B-43F6-B08C-32C759434517}.Debug|Any CPU.Build.0 = Debug|Any CPU
		{9CD8F4E7-EC7B-43F6-B08C-32C759434517}.Release|Any CPU.ActiveCfg = Release|Any CPU
		{9CD8F4E7-EC7B-43F6-B08C-32C759434517}.Release|Any CPU.Build.0 = Release|Any CPU
		{0C0580F5-0F37-427D-99AE-89384EE17E71}.Debug|Any CPU.ActiveCfg = Debug|Any CPU
		{0C0580F5-0F37-427D-99AE-89384EE17E71}.Debug|Any CPU.Build.0 = Debug|Any CPU
		{0C0580F5-0F37-427D-99AE-89384EE17E71}.Release|Any CPU.ActiveCfg = Release|Any CPU
		{0C0580F5-0F37-427D-99AE-89384EE17E71}.Release|Any CPU.Build.0 = Release|Any CPU
		{65B1F0FF-78E5-4195-AE99-EC60C12325F3}.Debug|Any CPU.ActiveCfg = Debug|Any CPU
		{65B1F0FF-78E5-4195-AE99-EC60C12325F3}.Debug|Any CPU.Build.0 = Debug|Any CPU
		{65B1F0FF-78E5-4195-AE99-EC60C12325F3}.Release|Any CPU.ActiveCfg = Release|Any CPU
		{65B1F0FF-78E5-4195-AE99-EC60C12325F3}.Release|Any CPU.Build.0 = Release|Any CPU
		{29218A81-3632-49B2-BCEA-6AAE33E92BA2}.Debug|Any CPU.ActiveCfg = Debug|Any CPU
		{29218A81-3632-49B2-BCEA-6AAE33E92BA2}.Debug|Any CPU.Build.0 = Debug|Any CPU
		{29218A81-3632-49B2-BCEA-6AAE33E92BA2}.Release|Any CPU.ActiveCfg = Release|Any CPU
		{29218A81-3632-49B2-BCEA-6AAE33E92BA2}.Release|Any CPU.Build.0 = Release|Any CPU
		{9AC0B6B4-577E-42A2-8739-430E18849202}.Debug|Any CPU.ActiveCfg = Debug|Any CPU
		{9AC0B6B4-577E-42A2-8739-430E18849202}.Debug|Any CPU.Build.0 = Debug|Any CPU
		{9AC0B6B4-577E-42A2-8739-430E18849202}.Release|Any CPU.ActiveCfg = Release|Any CPU
		{9AC0B6B4-577E-42A2-8739-430E18849202}.Release|Any CPU.Build.0 = Release|Any CPU
		{74E749A8-6EDE-4D75-98D8-B34F021D6963}.Debug|Any CPU.ActiveCfg = Debug|Any CPU
		{74E749A8-6EDE-4D75-98D8-B34F021D6963}.Debug|Any CPU.Build.0 = Debug|Any CPU
		{74E749A8-6EDE-4D75-98D8-B34F021D6963}.Release|Any CPU.ActiveCfg = Release|Any CPU
		{74E749A8-6EDE-4D75-98D8-B34F021D6963}.Release|Any CPU.Build.0 = Release|Any CPU
		{03522288-A326-435E-B2F2-EA5027602D96}.Debug|Any CPU.ActiveCfg = Debug|Any CPU
		{03522288-A326-435E-B2F2-EA5027602D96}.Debug|Any CPU.Build.0 = Debug|Any CPU
		{03522288-A326-435E-B2F2-EA5027602D96}.Release|Any CPU.ActiveCfg = Release|Any CPU
		{03522288-A326-435E-B2F2-EA5027602D96}.Release|Any CPU.Build.0 = Release|Any CPU
		{FA800918-FD7B-4B46-AF27-3A3EF8975EEF}.Debug|Any CPU.ActiveCfg = Debug|Any CPU
		{FA800918-FD7B-4B46-AF27-3A3EF8975EEF}.Debug|Any CPU.Build.0 = Debug|Any CPU
		{FA800918-FD7B-4B46-AF27-3A3EF8975EEF}.Release|Any CPU.ActiveCfg = Release|Any CPU
		{FA800918-FD7B-4B46-AF27-3A3EF8975EEF}.Release|Any CPU.Build.0 = Release|Any CPU
		{E7CB15F9-D7B8-4383-A8C3-86589A8EF0DF}.Debug|Any CPU.ActiveCfg = Debug|Any CPU
		{E7CB15F9-D7B8-4383-A8C3-86589A8EF0DF}.Debug|Any CPU.Build.0 = Debug|Any CPU
		{E7CB15F9-D7B8-4383-A8C3-86589A8EF0DF}.Release|Any CPU.ActiveCfg = Release|Any CPU
		{E7CB15F9-D7B8-4383-A8C3-86589A8EF0DF}.Release|Any CPU.Build.0 = Release|Any CPU
		{CE63F71F-DE01-4434-BA5B-0E51C6733C66}.Debug|Any CPU.ActiveCfg = Debug|Any CPU
		{CE63F71F-DE01-4434-BA5B-0E51C6733C66}.Debug|Any CPU.Build.0 = Debug|Any CPU
		{CE63F71F-DE01-4434-BA5B-0E51C6733C66}.Release|Any CPU.ActiveCfg = Release|Any CPU
		{CE63F71F-DE01-4434-BA5B-0E51C6733C66}.Release|Any CPU.Build.0 = Release|Any CPU
		{41BD1BA1-4BC1-4F0E-B429-C84B2D6059D1}.Debug|Any CPU.ActiveCfg = Debug|Any CPU
		{41BD1BA1-4BC1-4F0E-B429-C84B2D6059D1}.Debug|Any CPU.Build.0 = Debug|Any CPU
		{41BD1BA1-4BC1-4F0E-B429-C84B2D6059D1}.Release|Any CPU.ActiveCfg = Release|Any CPU
		{41BD1BA1-4BC1-4F0E-B429-C84B2D6059D1}.Release|Any CPU.Build.0 = Release|Any CPU
		{04D9076C-EA69-47F0-9F69-D274BD4225B1}.Debug|Any CPU.ActiveCfg = Debug|Any CPU
		{04D9076C-EA69-47F0-9F69-D274BD4225B1}.Debug|Any CPU.Build.0 = Debug|Any CPU
		{04D9076C-EA69-47F0-9F69-D274BD4225B1}.Release|Any CPU.ActiveCfg = Release|Any CPU
		{04D9076C-EA69-47F0-9F69-D274BD4225B1}.Release|Any CPU.Build.0 = Release|Any CPU
		{9E6F174B-FF3B-4BE2-A4C6-97184FDC6EFD}.Debug|Any CPU.ActiveCfg = Debug|Any CPU
		{9E6F174B-FF3B-4BE2-A4C6-97184FDC6EFD}.Debug|Any CPU.Build.0 = Debug|Any CPU
		{9E6F174B-FF3B-4BE2-A4C6-97184FDC6EFD}.Release|Any CPU.ActiveCfg = Release|Any CPU
		{9E6F174B-FF3B-4BE2-A4C6-97184FDC6EFD}.Release|Any CPU.Build.0 = Release|Any CPU
		{33EF0F8E-FFEB-4B74-A98F-8D1D98C3CE6F}.Debug|Any CPU.ActiveCfg = Debug|Any CPU
		{33EF0F8E-FFEB-4B74-A98F-8D1D98C3CE6F}.Debug|Any CPU.Build.0 = Debug|Any CPU
		{33EF0F8E-FFEB-4B74-A98F-8D1D98C3CE6F}.Release|Any CPU.ActiveCfg = Release|Any CPU
		{33EF0F8E-FFEB-4B74-A98F-8D1D98C3CE6F}.Release|Any CPU.Build.0 = Release|Any CPU
		{7510B939-BC1A-4A4E-8571-2C8732919617}.Debug|Any CPU.ActiveCfg = Debug|Any CPU
		{7510B939-BC1A-4A4E-8571-2C8732919617}.Debug|Any CPU.Build.0 = Debug|Any CPU
		{7510B939-BC1A-4A4E-8571-2C8732919617}.Release|Any CPU.ActiveCfg = Release|Any CPU
		{7510B939-BC1A-4A4E-8571-2C8732919617}.Release|Any CPU.Build.0 = Release|Any CPU
	EndGlobalSection
EndGlobal
